<?xml version="1.0" encoding="utf-8"?>
<Project ToolsVersion="4.0" xmlns="http://schemas.microsoft.com/developer/msbuild/2003">
  <ItemGroup>
    <Filter Include="Source Files">
      <UniqueIdentifier>{20044d1d-e80e-426b-9ba9-d89fe6023174}</UniqueIdentifier>
      <Extensions>.cpp;.cxx;.c</Extensions>
    </Filter>
    <Filter Include="Header Files">
      <UniqueIdentifier>{8efeb491-839a-4cee-9323-7ba035c63bae}</UniqueIdentifier>
      <Extensions>.h;.hpp</Extensions>
    </Filter>
    <Filter Include="Resource Files">
      <UniqueIdentifier>{a2bfd35b-ef20-4b08-a483-3b67bcee461c}</UniqueIdentifier>
      <Extensions>.rc;.rc2;.ico;.gif;.bmp;</Extensions>
    </Filter>
  </ItemGroup>
  <ItemGroup>
    <ClCompile Include="findStrcpy.cpp">
      <Filter>Source Files</Filter>
    </ClCompile>
  </ItemGroup>
</Project>